
Microsoft Visual Studio Solution File, Format Version 12.00
# Visual Studio Version 17
VisualStudioVersion = 17.0.31903.59
MinimumVisualStudioVersion = 10.0.40219.1
Project("{FAE04EC0-301F-11D3-BF4B-00C04F79EFBC}") = "StringManipulation", "StringManipulation\StringManipulation.csproj", "{8D15D7E2-0CCA-406C-A48D-6A6FB00F6F88}"
EndProject
Project("{FAE04EC0-301F-11D3-BF4B-00C04F79EFBC}") = "StringManipulationTest", "StringManipulationTest\StringManipulationTest.csproj", "{5DE21AB5-6E1B-4011-A3C2-04F657A3BBC3}"
EndProject
Global
	GlobalSection(SolutionConfigurationPlatforms) = preSolution
		Debug|Any CPU = Debug|Any CPU
		Release|Any CPU = Release|Any CPU
	EndGlobalSection
	GlobalSection(SolutionProperties) = preSolution
		HideSolutionNode = FALSE
	EndGlobalSection
	GlobalSection(ProjectConfigurationPlatforms) = postSolution
		{8D15D7E2-0CCA-406C-A48D-6A6FB00F6F88}.Debug|Any CPU.ActiveCfg = Debug|Any CPU
		{8D15D7E2-0CCA-406C-A48D-6A6FB00F6F88}.Debug|Any CPU.Build.0 = Debug|Any CPU
		{8D15D7E2-0CCA-406C-A48D-6A6FB00F6F88}.Release|Any CPU.ActiveCfg = Release|Any CPU
		{8D15D7E2-0CCA-406C-A48D-6A6FB00F6F88}.Release|Any CPU.Build.0 = Release|Any CPU
		{5DE21AB5-6E1B-4011-A3C2-04F657A3BBC3}.Debug|Any CPU.ActiveCfg = Debug|Any CPU
		{5DE21AB5-6E1B-4011-A3C2-04F657A3BBC3}.Debug|Any CPU.Build.0 = Debug|Any CPU
		{5DE21AB5-6E1B-4011-A3C2-04F657A3BBC3}.Release|Any CPU.ActiveCfg = Release|Any CPU
		{5DE21AB5-6E1B-4011-A3C2-04F657A3BBC3}.Release|Any CPU.Build.0 = Release|Any CPU
	EndGlobalSection
EndGlobal
